{
    "version": 3,
    "terraform_version": "0.11.13",
    "serial": 8,
    "lineage": "b2da1c94-459b-079e-3b6f-bc46eeaf510e",
    "modules": [
        {
            "path": [
                "root"
            ],
            "outputs": {},
            "resources": {
                "digitalocean_droplet.web": {
                    "type": "digitalocean_droplet",
                    "depends_on": [
                        "digitalocean_ssh_key.mralejandro"
                    ],
                    "primary": {
                        "id": "137579211",
                        "attributes": {
                            "backups": "false",
                            "disk": "25",
                            "id": "137579211",
                            "image": "docker-18-04",
                            "ipv4_address": "134.209.244.200",
                            "ipv4_address_private": "",
                            "ipv6": "false",
                            "ipv6_address": "",
                            "ipv6_address_private": "",
                            "locked": "false",
                            "memory": "1024",
                            "monitoring": "false",
                            "name": "web-1",
                            "price_hourly": "0.00744",
                            "price_monthly": "5",
                            "private_networking": "false",
                            "region": "fra1",
                            "resize_disk": "true",
                            "size": "s-1vcpu-1gb",
                            "ssh_keys.#": "1",
                            "ssh_keys.4075570410": "0d:43:a0:ca:70:f8:a8:54:ea:49:fc:24:95:6c:1a:99",
                            "status": "active",
                            "tags.#": "0",
                            "vcpus": "1",
                            "volume_ids.#": "0"
                        },
                        "meta": {
                            "schema_version": "1"
                        },
                        "tainted": false
                    },
                    "deposed": [],
                    "provider": "provider.digitalocean"
                },
                "digitalocean_ssh_key.mralejandro": {
                    "type": "digitalocean_ssh_key",
                    "depends_on": [],
                    "primary": {
                        "id": "24229483",
                        "attributes": {
                            "fingerprint": "0d:43:a0:ca:70:f8:a8:54:ea:49:fc:24:95:6c:1a:99",
                            "id": "24229483",
                            "name": "mralejandro",
                            "public_key": "ssh-rsa AAAAB3NzaC1yc2EAAAADAQABAAABAQCZf9ou+swtln/1Fv9ox2oLaYE+U4+JFNJ5MrCktWSNf3Cy+rliRVjPU8PczvoMzL4cFOsmrPhaBu4k8QBFR3j9unTaTTZqcfg4lpIDegsK1ZIe+wF4T0kfiO4Rce4X3bJzvVEMwq/iPmZd4O9fyP6sBBUbh9y3+80d8sTOLWObyYzJ6Y1jcE/gNnTynCImH0541SzmYbh3Yw2uV5UtxQ6PH25DAuHxDig9tBtnEG8al5oyLA8fTP9SdMJtbvjW6cM7pvp1x+9J/hVr2OMh6s+1xFq15S8QKpsiyBgHD7eFWddqzGwc8K9uYV7KdbRp55AUgMt4XClkLb4H4gl3g08H Alex@MacBook-Pro.local"
                        },
                        "meta": {},
                        "tainted": false
                    },
                    "deposed": [],
                    "provider": "provider.digitalocean"
                }
            },
            "depends_on": []
        }
    ]
}
